<?xml version="1.0" encoding="utf-8"?>
<Project ToolsVersion="4.0" xmlns="http://schemas.microsoft.com/developer/msbuild/2003">
  <ItemGroup>
    <ClCompile Include="CS202_Gr02.cpp">
      <Filter>Source</Filter>
    </ClCompile>
    <ClCompile Include="main.cpp">
      <Filter>Source</Filter>
    </ClCompile>
    <ClCompile Include="Animation.cpp">
      <Filter>Source\Animation</Filter>
    </ClCompile>
    <ClCompile Include="Character.cpp">
      <Filter>Source\Animation</Filter>
    </ClCompile>
    <ClCompile Include="ghost.cpp">
      <Filter>Source\Animation</Filter>
    </ClCompile>
    <ClCompile Include="Item.cpp">
      <Filter>Source\Animation</Filter>
    </ClCompile>
    <ClCompile Include="obstacle.cpp">
      <Filter>Source\Animation</Filter>
    </ClCompile>
    <ClCompile Include="Road.cpp">
      <Filter>Source\Animation</Filter>
    </ClCompile>
    <ClCompile Include="truck.cpp">
      <Filter>Source\Animation</Filter>
    </ClCompile>
    <ClCompile Include="Button.cpp">
      <Filter>Source\Material</Filter>
    </ClCompile>
    <ClCompile Include="Data.cpp">
      <Filter>Source\Material</Filter>
    </ClCompile>
    <ClCompile Include="Textbox.cpp">
      <Filter>Source\Material</Filter>
    </ClCompile>
    <ClCompile Include="GamePlayScreen.cpp">
      <Filter>Source\Screen</Filter>
    </ClCompile>
    <ClCompile Include="InGameScreen.cpp">
      <Filter>Source\Screen</Filter>
    </ClCompile>
    <ClCompile Include="LogInScreen.cpp">
      <Filter>Source\Screen</Filter>
    </ClCompile>
    <ClCompile Include="MainScreen.cpp">
      <Filter>Source\Screen</Filter>
    </ClCompile>
    <ClCompile Include="Screen.cpp">
      <Filter>Source\Screen</Filter>
    </ClCompile>
    <ClCompile Include="PopMenu.cpp">
      <Filter>Source\Pop Menu</Filter>
    </ClCompile>
    <ClCompile Include="RemovePopMenu.cpp">
      <Filter>Source\Pop Menu</Filter>
    </ClCompile>
    <ClCompile Include="AddPopMenu.cpp">
      <Filter>Source\Pop Menu</Filter>
    </ClCompile>
    <ClCompile Include="PausePopMenu.cpp">
      <Filter>Source\Pop Menu</Filter>
    </ClCompile>
    <ClCompile Include="ContinuePopMenu.cpp">
      <Filter>Source\Pop Menu</Filter>
    </ClCompile>
    <ClCompile Include="EndGamePopMenu.cpp">
      <Filter>Source\Pop Menu</Filter>
    </ClCompile>
    <ClCompile Include="Cursor.cpp">
      <Filter>Source\Material</Filter>
    </ClCompile>
    <ClCompile Include="InfoPopMenu.cpp">
      <Filter>Source\Pop Menu</Filter>
    </ClCompile>
    <ClCompile Include="StaticObstacles.cpp">
      <Filter>Source\Animation</Filter>
    </ClCompile>
    <ClCompile Include="InstructtionScreen.cpp">
      <Filter>Source\Screen</Filter>
    </ClCompile>
    <ClCompile Include="SettingScreen.cpp">
      <Filter>Source\Screen</Filter>
    </ClCompile>
    <ClCompile Include="TrafficLight.cpp">
      <Filter>Source\Animation</Filter>
    </ClCompile>
  </ItemGroup>
  <ItemGroup>
    <ClInclude Include="main.h">
      <Filter>Header</Filter>
    </ClInclude>
    <ClInclude Include="Animation.h">
      <Filter>Header\Animation</Filter>
    </ClInclude>
    <ClInclude Include="Character.h">
      <Filter>Header\Animation</Filter>
    </ClInclude>
    <ClInclude Include="ghost.h">
      <Filter>Header\Animation</Filter>
    </ClInclude>
    <ClInclude Include="Item.h">
      <Filter>Header\Animation</Filter>
    </ClInclude>
    <ClInclude Include="rain.h">
      <Filter>Header\Animation</Filter>
    </ClInclude>
    <ClInclude Include="River.h">
      <Filter>Header\Animation</Filter>
    </ClInclude>
    <ClInclude Include="Road.h">
      <Filter>Header\Animation</Filter>
    </ClInclude>
    <ClInclude Include="TrafficLight.h">
      <Filter>Header\Animation</Filter>
    </ClInclude>
    <ClInclude Include="truck.h">
      <Filter>Header\Animation</Filter>
    </ClInclude>
    <ClInclude Include="GamePlayScreen.h">
      <Filter>Header\Screen</Filter>
    </ClInclude>
    <ClInclude Include="InGameScreen.h">
      <Filter>Header\Screen</Filter>
    </ClInclude>
    <ClInclude Include="LogInScreen.h">
      <Filter>Header\Screen</Filter>
    </ClInclude>
    <ClInclude Include="MainScreen.h">
      <Filter>Header\Screen</Filter>
    </ClInclude>
    <ClInclude Include="Screen.h">
      <Filter>Header\Screen</Filter>
    </ClInclude>
    <ClInclude Include="SettingScreen.h">
      <Filter>Header\Screen</Filter>
    </ClInclude>
    <ClInclude Include="PopMenu.h">
      <Filter>Header\Pop Menu</Filter>
    </ClInclude>
    <ClInclude Include="RemovePopMenu.h">
      <Filter>Header\Pop Menu</Filter>
    </ClInclude>
    <ClInclude Include="obstacle.h">
      <Filter>Header\Animation</Filter>
    </ClInclude>
    <ClInclude Include="Button.h">
      <Filter>Header\Material</Filter>
    </ClInclude>
    <ClInclude Include="Data.h">
      <Filter>Header\Material</Filter>
    </ClInclude>
    <ClInclude Include="Header.h">
      <Filter>Header\Material</Filter>
    </ClInclude>
    <ClInclude Include="Textbox.h">
      <Filter>Header\Material</Filter>
    </ClInclude>
    <ClInclude Include="AddPopMenu.h">
      <Filter>Header\Pop Menu</Filter>
    </ClInclude>
    <ClInclude Include="PausePopMenu.h">
      <Filter>Header\Pop Menu</Filter>
    </ClInclude>
    <ClInclude Include="InstructtionScreen.h">
      <Filter>Header\Screen</Filter>
    </ClInclude>
    <ClInclude Include="ContinuePopMenu.h">
      <Filter>Header\Pop Menu</Filter>
    </ClInclude>
    <ClInclude Include="EndGamePopMenu.h">
      <Filter>Header\Pop Menu</Filter>
    </ClInclude>
    <ClInclude Include="InfoPopMenu.h">
      <Filter>Header\Pop Menu</Filter>
    </ClInclude>
    <ClInclude Include="StaticObstacles.h">
      <Filter>Header\Animation</Filter>
    </ClInclude>
    <ClInclude Include="Cursor.h">
      <Filter>Header\Material</Filter>
    </ClInclude>
  </ItemGroup>
  <ItemGroup>
    <Filter Include="Header">
      <UniqueIdentifier>{e4b180fe-3faa-4d9c-88f4-fdda8259961c}</UniqueIdentifier>
    </Filter>
    <Filter Include="Source">
      <UniqueIdentifier>{78f2caff-02f7-4331-8f77-375b8d375dab}</UniqueIdentifier>
    </Filter>
    <Filter Include="Animation">
      <UniqueIdentifier>{a4620f9a-6116-4b44-99d1-887400cc755c}</UniqueIdentifier>
    </Filter>
    <Filter Include="Screen">
      <UniqueIdentifier>{178600e4-1c42-498e-9b4e-d5eedfd4ecd0}</UniqueIdentifier>
    </Filter>
    <Filter Include="Source\Animation">
      <UniqueIdentifier>{010d3a9d-07c7-4008-a092-54804f3444b6}</UniqueIdentifier>
    </Filter>
    <Filter Include="Source\Material">
      <UniqueIdentifier>{7dd27e55-6dab-43d9-b90c-4281a246d82a}</UniqueIdentifier>
    </Filter>
    <Filter Include="Source\Screen">
      <UniqueIdentifier>{0bfdbdb3-0611-4a87-b78e-a53772b2e480}</UniqueIdentifier>
    </Filter>
    <Filter Include="Source\Pop Menu">
      <UniqueIdentifier>{0587f606-c5ca-42aa-be6c-af08f5ae9503}</UniqueIdentifier>
    </Filter>
    <Filter Include="Header\Animation">
      <UniqueIdentifier>{5b2de298-84e7-404f-8295-398bcb9f4fda}</UniqueIdentifier>
    </Filter>
    <Filter Include="Header\Screen">
      <UniqueIdentifier>{ac2e4a47-ce67-46ee-986a-0afbf12cfdc7}</UniqueIdentifier>
    </Filter>
    <Filter Include="Header\Pop Menu">
      <UniqueIdentifier>{c227b105-13d8-4e60-a852-1c616a2b0426}</UniqueIdentifier>
    </Filter>
    <Filter Include="Header\Material">
      <UniqueIdentifier>{5c1a77f7-654b-4c66-9115-6b508a5171fc}</UniqueIdentifier>
    </Filter>
  </ItemGroup>
</Project>